
Microsoft Visual Studio Solution File, Format Version 12.00
# Visual Studio Version 17
VisualStudioVersion = 17.5.002.0
MinimumVisualStudioVersion = 10.0.40219.1
Project("{9A19103F-16F7-4668-BE54-9A1E7A4F7556}") = "ExemplosExceptions", "ExemplosExceptions.csproj", "{011585F7-E9DF-480B-8D32-603A71C7530F}"
EndProject
Global
	GlobalSection(SolutionConfigurationPlatforms) = preSolution
		Debug|Any CPU = Debug|Any CPU
		Release|Any CPU = Release|Any CPU
	EndGlobalSection
	GlobalSection(ProjectConfigurationPlatforms) = postSolution
		{011585F7-E9DF-480B-8D32-603A71C7530F}.Debug|Any CPU.ActiveCfg = Debug|Any CPU
		{011585F7-E9DF-480B-8D32-603A71C7530F}.Debug|Any CPU.Build.0 = Debug|Any CPU
		{011585F7-E9DF-480B-8D32-603A71C7530F}.Release|Any CPU.ActiveCfg = Release|Any CPU
		{011585F7-E9DF-480B-8D32-603A71C7530F}.Release|Any CPU.Build.0 = Release|Any CPU
	EndGlobalSection
	GlobalSection(SolutionProperties) = preSolution
		HideSolutionNode = FALSE
	EndGlobalSection
	GlobalSection(ExtensibilityGlobals) = postSolution
		SolutionGuid = {7F317FC2-C9FA-4862-A19D-4F0FD1A586A7}
	EndGlobalSection
EndGlobal
